Microsoft Visual Studio Solution File, Format Version 12.00
# Visual Studio Version 17
VisualStudioVersion = 17.5.2.0
MinimumVisualStudioVersion = 10.0.40219.1
Project("{2150E333-8FDC-42A3-9474-1A3956D46DE8}") = "Week_1_Data Structures and Algorithms", "Week_1_Data Structures and Algorithms", "{063C1C22-6BE4-6E8F-473A-31878E67A074}"
EndProject
Project("{2150E333-8FDC-42A3-9474-1A3956D46DE8}") = "Week_1_Design Patterns and Principles", "Week_1_Design Patterns and Principles", "{AD0DFDB5-8044-0F76-9014-5954E0AE61A8}"
EndProject
Project("{2150E333-8FDC-42A3-9474-1A3956D46DE8}") = "Exercise_2_Ecom Platform Search Function", "Exercise_2_Ecom Platform Search Function", "{E5777CCE-BAED-2FB2-B58E-215E86C132AA}"
EndProject
Project("{FAE04EC0-301F-11D3-BF4B-00C04F79EFBC}") = "code", "Week_1_Data Structures and Algorithms\Exercise_2_Ecom Platform Search Function\code\code.csproj", "{2AEE1684-0320-F22A-0EF4-4F0A61BC433D}"
EndProject
Project("{2150E333-8FDC-42A3-9474-1A3956D46DE8}") = "Exercise_7_Financial Forecasting", "Exercise_7_Financial Forecasting", "{F278BCDF-FE9C-3217-03FB-54D07CECA83B}"
EndProject
Project("{FAE04EC0-301F-11D3-BF4B-00C04F79EFBC}") = "code", "Week_1_Data Structures and Algorithms\Exercise_7_Financial Forecasting\code\code.csproj", "{8204BB23-EEFB-207A-E223-722574F81A4F}"
EndProject
Project("{2150E333-8FDC-42A3-9474-1A3956D46DE8}") = "Exercise_1_Singleton Pattern", "Exercise_1_Singleton Pattern", "{44235D21-2BB3-575F-838A-7B9E7939B5EF}"
EndProject
Project("{FAE04EC0-301F-11D3-BF4B-00C04F79EFBC}") = "code", "Week_1_Design Patterns and Principles\Exercise_1_Singleton Pattern\code\code.csproj", "{34112235-15AA-9E97-3F57-372CDE11B85B}"
EndProject
Project("{2150E333-8FDC-42A3-9474-1A3956D46DE8}") = "Exercise_2_Factory Method Pattern", "Exercise_2_Factory Method Pattern", "{DAF0E7FC-614D-9C40-E677-A981BE5351FF}"
EndProject
Project("{FAE04EC0-301F-11D3-BF4B-00C04F79EFBC}") = "code", "Week_1_Design Patterns and Principles\Exercise_2_Factory Method Pattern\code\code.csproj", "{32A14BF6-D6F5-3DF7-2A27-ECB34B109AE2}"
EndProject
Global
	GlobalSection(SolutionConfigurationPlatforms) = preSolution
		Debug|Any CPU = Debug|Any CPU
		Release|Any CPU = Release|Any CPU
	EndGlobalSection
	GlobalSection(ProjectConfigurationPlatforms) = postSolution
		{2AEE1684-0320-F22A-0EF4-4F0A61BC433D}.Debug|Any CPU.ActiveCfg = Debug|Any CPU
		{2AEE1684-0320-F22A-0EF4-4F0A61BC433D}.Debug|Any CPU.Build.0 = Debug|Any CPU
		{2AEE1684-0320-F22A-0EF4-4F0A61BC433D}.Release|Any CPU.ActiveCfg = Release|Any CPU
		{2AEE1684-0320-F22A-0EF4-4F0A61BC433D}.Release|Any CPU.Build.0 = Release|Any CPU
		{8204BB23-EEFB-207A-E223-722574F81A4F}.Debug|Any CPU.ActiveCfg = Debug|Any CPU
		{8204BB23-EEFB-207A-E223-722574F81A4F}.Debug|Any CPU.Build.0 = Debug|Any CPU
		{8204BB23-EEFB-207A-E223-722574F81A4F}.Release|Any CPU.ActiveCfg = Release|Any CPU
		{8204BB23-EEFB-207A-E223-722574F81A4F}.Release|Any CPU.Build.0 = Release|Any CPU
		{34112235-15AA-9E97-3F57-372CDE11B85B}.Debug|Any CPU.ActiveCfg = Debug|Any CPU
		{34112235-15AA-9E97-3F57-372CDE11B85B}.Debug|Any CPU.Build.0 = Debug|Any CPU
		{34112235-15AA-9E97-3F57-372CDE11B85B}.Release|Any CPU.ActiveCfg = Release|Any CPU
		{34112235-15AA-9E97-3F57-372CDE11B85B}.Release|Any CPU.Build.0 = Release|Any CPU
		{32A14BF6-D6F5-3DF7-2A27-ECB34B109AE2}.Debug|Any CPU.ActiveCfg = Debug|Any CPU
		{32A14BF6-D6F5-3DF7-2A27-ECB34B109AE2}.Debug|Any CPU.Build.0 = Debug|Any CPU
		{32A14BF6-D6F5-3DF7-2A27-ECB34B109AE2}.Release|Any CPU.ActiveCfg = Release|Any CPU
		{32A14BF6-D6F5-3DF7-2A27-ECB34B109AE2}.Release|Any CPU.Build.0 = Release|Any CPU
	EndGlobalSection
	GlobalSection(SolutionProperties) = preSolution
		HideSolutionNode = FALSE
	EndGlobalSection
	GlobalSection(NestedProjects) = preSolution
		{E5777CCE-BAED-2FB2-B58E-215E86C132AA} = {063C1C22-6BE4-6E8F-473A-31878E67A074}
		{2AEE1684-0320-F22A-0EF4-4F0A61BC433D} = {E5777CCE-BAED-2FB2-B58E-215E86C132AA}
		{F278BCDF-FE9C-3217-03FB-54D07CECA83B} = {063C1C22-6BE4-6E8F-473A-31878E67A074}
		{8204BB23-EEFB-207A-E223-722574F81A4F} = {F278BCDF-FE9C-3217-03FB-54D07CECA83B}
		{44235D21-2BB3-575F-838A-7B9E7939B5EF} = {AD0DFDB5-8044-0F76-9014-5954E0AE61A8}
		{34112235-15AA-9E97-3F57-372CDE11B85B} = {44235D21-2BB3-575F-838A-7B9E7939B5EF}
		{DAF0E7FC-614D-9C40-E677-A981BE5351FF} = {AD0DFDB5-8044-0F76-9014-5954E0AE61A8}
		{32A14BF6-D6F5-3DF7-2A27-ECB34B109AE2} = {DAF0E7FC-614D-9C40-E677-A981BE5351FF}
	EndGlobalSection
	GlobalSection(ExtensibilityGlobals) = postSolution
		SolutionGuid = {C7558B90-C245-477A-B082-195BA01DB01A}
	EndGlobalSection
EndGlobal
